
Microsoft Visual Studio Solution File, Format Version 12.00
# Visual Studio 15
VisualStudioVersion = 15.0.28010.2050
MinimumVisualStudioVersion = 10.0.40219.1
Project("{F184B08F-C81C-45F6-A57F-5ABD9991F28F}") = "Books Crud", "Books Crud.vbproj", "{CD5F5260-BBB7-4878-AFB9-597E6AB24B47}"
EndProject
Global
	GlobalSection(SolutionConfigurationPlatforms) = preSolution
		Debug|Any CPU = Debug|Any CPU
		Release|Any CPU = Release|Any CPU
	EndGlobalSection
	GlobalSection(ProjectConfigurationPlatforms) = postSolution
		{CD5F5260-BBB7-4878-AFB9-597E6AB24B47}.Debug|Any CPU.ActiveCfg = Debug|Any CPU
		{CD5F5260-BBB7-4878-AFB9-597E6AB24B47}.Debug|Any CPU.Build.0 = Debug|Any CPU
		{CD5F5260-BBB7-4878-AFB9-597E6AB24B47}.Release|Any CPU.ActiveCfg = Release|Any CPU
		{CD5F5260-BBB7-4878-AFB9-597E6AB24B47}.Release|Any CPU.Build.0 = Release|Any CPU
	EndGlobalSection
	GlobalSection(SolutionProperties) = preSolution
		HideSolutionNode = FALSE
	EndGlobalSection
	GlobalSection(ExtensibilityGlobals) = postSolution
		SolutionGuid = {19B01B24-0714-4436-ACC4-FB3C15F187AF}
	EndGlobalSection
EndGlobal
